<?xml version="1.0" encoding="utf-8"?>
<Project ToolsVersion="4.0" xmlns="http://schemas.microsoft.com/developer/msbuild/2003">
  <ItemGroup>
    <Filter Include="Source">
      <UniqueIdentifier>{4776d0a0-2b9e-471f-b455-b5f6dae3aef1}</UniqueIdentifier>
    </Filter>
    <Filter Include="Source\Core">
      <UniqueIdentifier>{03e6acc6-54da-4951-8a95-404e122c672a}</UniqueIdentifier>
    </Filter>
    <Filter Include="Source\Core\Vulkan">
      <UniqueIdentifier>{f2e29856-bf64-4aeb-a077-f4fbc1369fbe}</UniqueIdentifier>
    </Filter>
    <Filter Include="Source\Components">
      <UniqueIdentifier>{026a2f8b-9341-4af9-9531-bbfe6ca918fb}</UniqueIdentifier>
    </Filter>
  </ItemGroup>
  <ItemGroup>
    <ClCompile Include="Source\Components\Camera\Camera.cpp">
      <Filter>Source\Components</Filter>
    </ClCompile>
    <ClCompile Include="Source\main.cpp">
      <Filter>Source</Filter>
    </ClCompile>
    <ClCompile Include="Source\Core\Application.cpp">
      <Filter>Source\Core</Filter>
    </ClCompile>
  </ItemGroup>
  <ItemGroup>
    <ClInclude Include="Source\Core\Vulkan\VkDeleter.h">
      <Filter>Source\Core\Vulkan</Filter>
    </ClInclude>
    <ClInclude Include="Source\Components\Camera\Camera.h">
      <Filter>Source\Components</Filter>
    </ClInclude>
    <ClInclude Include="Source\Core\Application.h">
      <Filter>Source\Core</Filter>
    </ClInclude>
  </ItemGroup>
</Project>